
Microsoft Visual Studio Solution File, Format Version 12.00
# Visual Studio Version 17
VisualStudioVersion = 17.0.31903.59
MinimumVisualStudioVersion = 10.0.40219.1
Project("{FAE04EC0-301F-11D3-BF4B-00C04F79EFBC}") = "ArticleService.Api", "ArticleService.Api\ArticleService.Api.csproj", "{2C9EA626-F57E-447A-86A3-A0FDF8299B17}"
EndProject
Project("{FAE04EC0-301F-11D3-BF4B-00C04F79EFBC}") = "ArticleService.Application", "ArticleService.Application\ArticleService.Application.csproj", "{F71C9B55-F92E-42DB-A866-53346132F099}"
EndProject
Project("{FAE04EC0-301F-11D3-BF4B-00C04F79EFBC}") = "ArticleService.Domain", "ArticleService.Domain\ArticleService.Domain.csproj", "{8A79C747-114A-4D9A-8547-34431A26780B}"
EndProject
Project("{FAE04EC0-301F-11D3-BF4B-00C04F79EFBC}") = "ArticleService.Infrastructure", "ArticleService.Infrastructure\ArticleService.Infrastructure.csproj", "{0B5E3C34-A5A0-4231-8A30-84246419287C}"
EndProject
Global
	GlobalSection(SolutionConfigurationPlatforms) = preSolution
		Debug|Any CPU = Debug|Any CPU
		Debug|x64 = Debug|x64
		Debug|x86 = Debug|x86
		Release|Any CPU = Release|Any CPU
		Release|x64 = Release|x64
		Release|x86 = Release|x86
	EndGlobalSection
	GlobalSection(ProjectConfigurationPlatforms) = postSolution
		{2C9EA626-F57E-447A-86A3-A0FDF8299B17}.Debug|Any CPU.ActiveCfg = Debug|Any CPU
		{2C9EA626-F57E-447A-86A3-A0FDF8299B17}.Debug|Any CPU.Build.0 = Debug|Any CPU
		{2C9EA626-F57E-447A-86A3-A0FDF8299B17}.Debug|x64.ActiveCfg = Debug|Any CPU
		{2C9EA626-F57E-447A-86A3-A0FDF8299B17}.Debug|x64.Build.0 = Debug|Any CPU
		{2C9EA626-F57E-447A-86A3-A0FDF8299B17}.Debug|x86.ActiveCfg = Debug|Any CPU
		{2C9EA626-F57E-447A-86A3-A0FDF8299B17}.Debug|x86.Build.0 = Debug|Any CPU
		{2C9EA626-F57E-447A-86A3-A0FDF8299B17}.Release|Any CPU.ActiveCfg = Release|Any CPU
		{2C9EA626-F57E-447A-86A3-A0FDF8299B17}.Release|Any CPU.Build.0 = Release|Any CPU
		{2C9EA626-F57E-447A-86A3-A0FDF8299B17}.Release|x64.ActiveCfg = Release|Any CPU
		{2C9EA626-F57E-447A-86A3-A0FDF8299B17}.Release|x64.Build.0 = Release|Any CPU
		{2C9EA626-F57E-447A-86A3-A0FDF8299B17}.Release|x86.ActiveCfg = Release|Any CPU
		{2C9EA626-F57E-447A-86A3-A0FDF8299B17}.Release|x86.Build.0 = Release|Any CPU
		{F71C9B55-F92E-42DB-A866-53346132F099}.Debug|Any CPU.ActiveCfg = Debug|Any CPU
		{F71C9B55-F92E-42DB-A866-53346132F099}.Debug|Any CPU.Build.0 = Debug|Any CPU
		{F71C9B55-F92E-42DB-A866-53346132F099}.Debug|x64.ActiveCfg = Debug|Any CPU
		{F71C9B55-F92E-42DB-A866-53346132F099}.Debug|x64.Build.0 = Debug|Any CPU
		{F71C9B55-F92E-42DB-A866-53346132F099}.Debug|x86.ActiveCfg = Debug|Any CPU
		{F71C9B55-F92E-42DB-A866-53346132F099}.Debug|x86.Build.0 = Debug|Any CPU
		{F71C9B55-F92E-42DB-A866-53346132F099}.Release|Any CPU.ActiveCfg = Release|Any CPU
		{F71C9B55-F92E-42DB-A866-53346132F099}.Release|Any CPU.Build.0 = Release|Any CPU
		{F71C9B55-F92E-42DB-A866-53346132F099}.Release|x64.ActiveCfg = Release|Any CPU
		{F71C9B55-F92E-42DB-A866-53346132F099}.Release|x64.Build.0 = Release|Any CPU
		{F71C9B55-F92E-42DB-A866-53346132F099}.Release|x86.ActiveCfg = Release|Any CPU
		{F71C9B55-F92E-42DB-A866-53346132F099}.Release|x86.Build.0 = Release|Any CPU
		{8A79C747-114A-4D9A-8547-34431A26780B}.Debug|Any CPU.ActiveCfg = Debug|Any CPU
		{8A79C747-114A-4D9A-8547-34431A26780B}.Debug|Any CPU.Build.0 = Debug|Any CPU
		{8A79C747-114A-4D9A-8547-34431A26780B}.Debug|x64.ActiveCfg = Debug|Any CPU
		{8A79C747-114A-4D9A-8547-34431A26780B}.Debug|x64.Build.0 = Debug|Any CPU
		{8A79C747-114A-4D9A-8547-34431A26780B}.Debug|x86.ActiveCfg = Debug|Any CPU
		{8A79C747-114A-4D9A-8547-34431A26780B}.Debug|x86.Build.0 = Debug|Any CPU
		{8A79C747-114A-4D9A-8547-34431A26780B}.Release|Any CPU.ActiveCfg = Release|Any CPU
		{8A79C747-114A-4D9A-8547-34431A26780B}.Release|Any CPU.Build.0 = Release|Any CPU
		{8A79C747-114A-4D9A-8547-34431A26780B}.Release|x64.ActiveCfg = Release|Any CPU
		{8A79C747-114A-4D9A-8547-34431A26780B}.Release|x64.Build.0 = Release|Any CPU
		{8A79C747-114A-4D9A-8547-34431A26780B}.Release|x86.ActiveCfg = Release|Any CPU
		{8A79C747-114A-4D9A-8547-34431A26780B}.Release|x86.Build.0 = Release|Any CPU
		{0B5E3C34-A5A0-4231-8A30-84246419287C}.Debug|Any CPU.ActiveCfg = Debug|Any CPU
		{0B5E3C34-A5A0-4231-8A30-84246419287C}.Debug|Any CPU.Build.0 = Debug|Any CPU
		{0B5E3C34-A5A0-4231-8A30-84246419287C}.Debug|x64.ActiveCfg = Debug|Any CPU
		{0B5E3C34-A5A0-4231-8A30-84246419287C}.Debug|x64.Build.0 = Debug|Any CPU
		{0B5E3C34-A5A0-4231-8A30-84246419287C}.Debug|x86.ActiveCfg = Debug|Any CPU
		{0B5E3C34-A5A0-4231-8A30-84246419287C}.Debug|x86.Build.0 = Debug|Any CPU
		{0B5E3C34-A5A0-4231-8A30-84246419287C}.Release|Any CPU.ActiveCfg = Release|Any CPU
		{0B5E3C34-A5A0-4231-8A30-84246419287C}.Release|Any CPU.Build.0 = Release|Any CPU
		{0B5E3C34-A5A0-4231-8A30-84246419287C}.Release|x64.ActiveCfg = Release|Any CPU
		{0B5E3C34-A5A0-4231-8A30-84246419287C}.Release|x64.Build.0 = Release|Any CPU
		{0B5E3C34-A5A0-4231-8A30-84246419287C}.Release|x86.ActiveCfg = Release|Any CPU
		{0B5E3C34-A5A0-4231-8A30-84246419287C}.Release|x86.Build.0 = Release|Any CPU
	EndGlobalSection
	GlobalSection(SolutionProperties) = preSolution
		HideSolutionNode = FALSE
	EndGlobalSection
EndGlobal
